# THIS IS AN AUTOGENERATED FILE. DO NOT EDIT THIS FILE DIRECTLY.
# yarn lockfile v1


zod@^3.22.5:
  version "3.22.5"
  resolved "https://registry.yarnpkg.com/zod/-/zod-3.22.5.tgz#b9b09db03f6700b0d0b75bf0dbf0c5fc46155220"
  integrity sha512-HqnGsCdVZ2xc0qWPLdO25WnseXThh0kEYKIdV5F/hTHO75hNZFp8thxSeHhiPrHZKrFTo1SOgkAj9po5bexZlw==
